
Microsoft Visual Studio Solution File, Format Version 12.00
# Visual Studio 14
VisualStudioVersion = 14.0.23107.0
MinimumVisualStudioVersion = 10.0.40219.1
Project("{2150E333-8FDC-42A3-9474-1A3956D46DE8}") = "Server", "Server", "{9DA0EDE8-4F20-43A7-8DF3-659ED9427152}"
EndProject
Project("{2150E333-8FDC-42A3-9474-1A3956D46DE8}") = "Client", "Client", "{67844215-3852-4D90-AE8D-3D04504C36E9}"
EndProject
Project("{FAE04EC0-301F-11D3-BF4B-00C04F79EFBC}") = "PetStore.Server.Api", "Server\PetStore.Server.Api\PetStore.Server.Api.csproj", "{00E8D59F-BF63-4272-A3FA-FE04DEBC0B95}"
EndProject
Project("{FAE04EC0-301F-11D3-BF4B-00C04F79EFBC}") = "PetStore.Client.App", "Client\PetStore.Client.App\PetStore.Client.App.csproj", "{982A3166-5F76-4463-A40B-CC0C510044CD}"
EndProject
Global
	GlobalSection(SolutionConfigurationPlatforms) = preSolution
		Debug|Any CPU = Debug|Any CPU
		Release|Any CPU = Release|Any CPU
	EndGlobalSection
	GlobalSection(ProjectConfigurationPlatforms) = postSolution
		{00E8D59F-BF63-4272-A3FA-FE04DEBC0B95}.Debug|Any CPU.ActiveCfg = Debug|Any CPU
		{00E8D59F-BF63-4272-A3FA-FE04DEBC0B95}.Debug|Any CPU.Build.0 = Debug|Any CPU
		{00E8D59F-BF63-4272-A3FA-FE04DEBC0B95}.Release|Any CPU.ActiveCfg = Release|Any CPU
		{00E8D59F-BF63-4272-A3FA-FE04DEBC0B95}.Release|Any CPU.Build.0 = Release|Any CPU
		{982A3166-5F76-4463-A40B-CC0C510044CD}.Debug|Any CPU.ActiveCfg = Debug|Any CPU
		{982A3166-5F76-4463-A40B-CC0C510044CD}.Debug|Any CPU.Build.0 = Debug|Any CPU
		{982A3166-5F76-4463-A40B-CC0C510044CD}.Release|Any CPU.ActiveCfg = Release|Any CPU
		{982A3166-5F76-4463-A40B-CC0C510044CD}.Release|Any CPU.Build.0 = Release|Any CPU
	EndGlobalSection
	GlobalSection(SolutionProperties) = preSolution
		HideSolutionNode = FALSE
	EndGlobalSection
	GlobalSection(NestedProjects) = preSolution
		{00E8D59F-BF63-4272-A3FA-FE04DEBC0B95} = {9DA0EDE8-4F20-43A7-8DF3-659ED9427152}
		{982A3166-5F76-4463-A40B-CC0C510044CD} = {67844215-3852-4D90-AE8D-3D04504C36E9}
	EndGlobalSection
EndGlobal
